// !$*UTF8*$!
{
	archiveVersion = 1;
	classes = {
	};
	objectVersion = 50;
	objects = {

/* Begin PBXBuildFile section */
		92720464222FC71E00936EFD /* AppDelegate.m in Sources */ = {isa = PBXBuildFile; fileRef = 92720463222FC71E00936EFD /* AppDelegate.m */; };
		9272046C222FC71F00936EFD /* Assets.xcassets in Resources */ = {isa = PBXBuildFile; fileRef = 9272046B222FC71F00936EFD /* Assets.xcassets */; };
		9272046F222FC71F00936EFD /* LaunchScreen.storyboard in Resources */ = {isa = PBXBuildFile; fileRef = 9272046D222FC71F00936EFD /* LaunchScreen.storyboard */; };
		92720472222FC71F00936EFD /* main.m in Sources */ = {isa = PBXBuildFile; fileRef = 92720471222FC71F00936EFD /* main.m */; };
		9272048E222FC81C00936EFD /* DemoViewController.m in Sources */ = {isa = PBXBuildFile; fileRef = 9272048D222FC81C00936EFD /* DemoViewController.m */; };
		9EF7DF7FCDB4609D1CBC3DA3 /* libPods-SlimeDemo.a in Frameworks */ = {isa = PBXBuildFile; fileRef = AD8726997CE2F5127C9B303C /* libPods-SlimeDemo.a */; };
/* End PBXBuildFile section */

/* Begin PBXFileReference section */
		6F4538A0B67DE7D2731337C8 /* Pods-SlimeDemo.debug.xcconfig */ = {isa = PBXFileReference; includeInIndex = 1; lastKnownFileType = text.xcconfig; name = "Pods-SlimeDemo.debug.xcconfig"; path = "Target Support Files/Pods-SlimeDemo/Pods-SlimeDemo.debug.xcconfig"; sourceTree = "<group>"; };
		9272045F222FC71E00936EFD /* SlimeDemo.app */ = {isa = PBXFileReference; explicitFileType = wrapper.application; includeInIndex = 0; path = SlimeDemo.app; sourceTree = BUILT_PRODUCTS_DIR; };
		92720462222FC71E00936EFD /* AppDelegate.h */ = {isa = PBXFileReference; lastKnownFileType = sourcecode.c.h; path = AppDelegate.h; sourceTree = "<group>"; };
		92720463222FC71E00936EFD /* AppDelegate.m */ = {isa = PBXFileReference; lastKnownFileType = sourcecode.c.objc; path = AppDelegate.m; sourceTree = "<group>"; };
		9272046B222FC71F00936EFD /* Assets.xcassets */ = {isa = PBXFileReference; lastKnownFileType = folder.assetcatalog; path = Assets.xcassets; sourceTree = "<group>"; };
		9272046E222FC71F00936EFD /* Base */ = {isa = PBXFileReference; lastKnownFileType = file.storyboard; name = Base; path = Base.lproj/LaunchScreen.storyboard; sourceTree = "<group>"; };
		92720470222FC71F00936EFD /* Info.plist */ = {isa = PBXFileReference; lastKnownFileType = text.plist.xml; path = Info.plist; sourceTree = "<group>"; };
		92720471222FC71F00936EFD /* main.m */ = {isa = PBXFileReference; lastKnownFileType = sourcecode.c.objc; path = main.m; sourceTree = "<group>"; };
		9272048C222FC81C00936EFD /* DemoViewController.h */ = {isa = PBXFileReference; fileEncoding = 4; lastKnownFileType = sourcecode.c.h; path = DemoViewController.h; sourceTree = "<group>"; };
		9272048D222FC81C00936EFD /* DemoViewController.m */ = {isa = PBXFileReference; fileEncoding = 4; lastKnownFileType = sourcecode.c.objc; path = DemoViewController.m; sourceTree = "<group>"; };
		A4ECAFB9358F819C44006A94 /* Pods-SlimeDemo.release.xcconfig */ = {isa = PBXFileReference; includeInIndex = 1; lastKnownFileType = text.xcconfig; name = "Pods-SlimeDemo.release.xcconfig"; path = "Target Support Files/Pods-SlimeDemo/Pods-SlimeDemo.release.xcconfig"; sourceTree = "<group>"; };
		AD8726997CE2F5127C9B303C /* libPods-SlimeDemo.a */ = {isa = PBXFileReference; explicitFileType = archive.ar; includeInIndex = 0; path = "libPods-SlimeDemo.a"; sourceTree = BUILT_PRODUCTS_DIR; };
/* End PBXFileReference section */

/* Begin PBXFrameworksBuildPhase section */
		9272045C222FC71E00936EFD /* Frameworks */ = {
			isa = PBXFrameworksBuildPhase;
			buildActionMask = 2147483647;
			files = (
				9EF7DF7FCDB4609D1CBC3DA3 /* libPods-SlimeDemo.a in Frameworks */,
			);
			runOnlyForDeploymentPostprocessing = 0;
		};
/* End PBXFrameworksBuildPhase section */

/* Begin PBXGroup section */
		2F418E983D8A8898DBEC8D2E /* Pods */ = {
			isa = PBXGroup;
			children = (
				6F4538A0B67DE7D2731337C8 /* Pods-SlimeDemo.debug.xcconfig */,
				A4ECAFB9358F819C44006A94 /* Pods-SlimeDemo.release.xcconfig */,
			);
			name = Pods;
			path = ../Pods;
			sourceTree = "<group>";
		};
		92720456222FC71E00936EFD = {
			isa = PBXGroup;
			children = (
				92720461222FC71E00936EFD /* SlimeDemo */,
				92720460222FC71E00936EFD /* Products */,
				2F418E983D8A8898DBEC8D2E /* Pods */,
				D285F9A0432E761EB25F24FF /* Frameworks */,
			);
			sourceTree = "<group>";
		};
		92720460222FC71E00936EFD /* Products */ = {
			isa = PBXGroup;
			children = (
				9272045F222FC71E00936EFD /* SlimeDemo.app */,
			);
			name = Products;
			sourceTree = "<group>";
		};
		92720461222FC71E00936EFD /* SlimeDemo */ = {
			isa = PBXGroup;
			children = (
				92720462222FC71E00936EFD /* AppDelegate.h */,
				92720463222FC71E00936EFD /* AppDelegate.m */,
				9272048C222FC81C00936EFD /* DemoViewController.h */,
				9272048D222FC81C00936EFD /* DemoViewController.m */,
				9272046B222FC71F00936EFD /* Assets.xcassets */,
				9272046D222FC71F00936EFD /* LaunchScreen.storyboard */,
				92720470222FC71F00936EFD /* Info.plist */,
				92720471222FC71F00936EFD /* main.m */,
			);
			path = SlimeDemo;
			sourceTree = "<group>";
		};
		D285F9A0432E761EB25F24FF /* Frameworks */ = {
			isa = PBXGroup;
			children = (
				AD8726997CE2F5127C9B303C /* libPods-SlimeDemo.a */,
			);
			name = Frameworks;
			sourceTree = "<group>";
		};
/* End PBXGroup section */

/* Begin PBXNativeTarget section */
		9272045E222FC71E00936EFD /* SlimeDemo */ = {
			isa = PBXNativeTarget;
			buildConfigurationList = 92720475222FC71F00936EFD /* Build configuration list for PBXNativeTarget "SlimeDemo" */;
			buildPhases = (
				3E639A558B459375977E626C /* [CP] Check Pods Manifest.lock */,
				9272045B222FC71E00936EFD /* Sources */,
				9272045C222FC71E00936EFD /* Frameworks */,
				9272045D222FC71E00936EFD /* Resources */,
			);
			buildRules = (
			);
			dependencies = (
			);
			name = SlimeDemo;
			productName = SlimeDemo;
			productReference = 9272045F222FC71E00936EFD /* SlimeDemo.app */;
			productType = "com.apple.product-type.application";
		};
/* End PBXNativeTarget section */

/* Begin PBXProject section */
		92720457222FC71E00936EFD /* Project object */ = {
			isa = PBXProject;
			attributes = {
				LastUpgradeCheck = 1010;
				ORGANIZATIONNAME = harrisonxi.com;
				TargetAttributes = {
					9272045E222FC71E00936EFD = {
						CreatedOnToolsVersion = 10.1;
					};
				};
			};
			buildConfigurationList = 9272045A222FC71E00936EFD /* Build configuration list for PBXProject "SlimeDemo" */;
			compatibilityVersion = "Xcode 9.3";
			developmentRegion = en;
			hasScannedForEncodings = 0;
			knownRegions = (
				en,
				Base,
			);
			mainGroup = 92720456222FC71E00936EFD;
			productRefGroup = 92720460222FC71E00936EFD /* Products */;
			projectDirPath = "";
			projectRoot = "";
			targets = (
				9272045E222FC71E00936EFD /* SlimeDemo */,
			);
		};
/* End PBXProject section */

/* Begin PBXResourcesBuildPhase section */
		9272045D222FC71E00936EFD /* Resources */ = {
			isa = PBXResourcesBuildPhase;
			buildActionMask = 2147483647;
			files = (
				9272046F222FC71F00936EFD /* LaunchScreen.storyboard in Resources */,
				9272046C222FC71F00936EFD /* Assets.xcassets in Resources */,
			);
			runOnlyForDeploymentPostprocessing = 0;
		};
/* End PBXResourcesBuildPhase section */

/* Begin PBXShellScriptBuildPhase section */
		3E639A558B459375977E626C /* [CP] Check Pods Manifest.lock */ = {
			isa = PBXShellScriptBuildPhase;
			buildActionMask = 2147483647;
			files = (
			);
			inputFileListPaths = (
			);
			inputPaths = (
				"${PODS_PODFILE_DIR_PATH}/Podfile.lock",
				"${PODS_ROOT}/Manifest.lock",
			);
			name = "[CP] Check Pods Manifest.lock";
			outputFileListPaths = (
			);
			outputPaths = (
				"$(DERIVED_FILE_DIR)/Pods-SlimeDemo-checkManifestLockResult.txt",
			);
			runOnlyForDeploymentPostprocessing = 0;
			shellPath = /bin/sh;
			shellScript = "diff \"${PODS_PODFILE_DIR_PATH}/Podfile.lock\" \"${PODS_ROOT}/Manifest.lock\" > /dev/null\nif [ $? != 0 ] ; then\n    # print error to STDERR\n    echo \"error: The sandbox is not in sync with the Podfile.lock. Run 'pod install' or update your CocoaPods installation.\" >&2\n    exit 1\nfi\n# This output is used by Xcode 'outputs' to avoid re-running this script phase.\necho \"SUCCESS\" > \"${SCRIPT_OUTPUT_FILE_0}\"\n";
			showEnvVarsInLog = 0;
		};
/* End PBXShellScriptBuildPhase section */

/* Begin PBXSourcesBuildPhase section */
		9272045B222FC71E00936EFD /* Sources */ = {
			isa = PBXSourcesBuildPhase;
			buildActionMask = 2147483647;
			files = (
				9272048E222FC81C00936EFD /* DemoViewController.m in Sources */,
				92720472222FC71F00936EFD /* main.m in Sources */,
				92720464222FC71E00936EFD /* AppDelegate.m in Sources */,
			);
			runOnlyForDeploymentPostprocessing = 0;
		};
/* End PBXSourcesBuildPhase section */

/* Begin PBXVariantGroup section */
		9272046D222FC71F00936EFD /* LaunchScreen.storyboard */ = {
			isa = PBXVariantGroup;
			children = (
				9272046E222FC71F00936EFD /* Base */,
			);
			name = LaunchScreen.storyboard;
			sourceTree = "<group>";
		};
/* End PBXVariantGroup section */

/* Begin XCBuildConfiguration section */
		92720473222FC71F00936EFD /* Debug */ = {
			isa = XCBuildConfiguration;
			buildSettings = {
				ALWAYS_SEARCH_USER_PATHS = NO;
				CLANG_ANALYZER_NONNULL = YES;
				CLANG_ANALYZER_NUMBER_OBJECT_CONVERSION = YES_AGGRESSIVE;
				CLANG_CXX_LANGUAGE_STANDARD = "gnu++14";
				CLANG_CXX_LIBRARY = "libc++";
				CLANG_ENABLE_MODULES = YES;
				CLANG_ENABLE_OBJC_ARC = YES;
				CLANG_ENABLE_OBJC_WEAK = YES;
				CLANG_WARN_BLOCK_CAPTURE_AUTORELEASING = YES;
				CLANG_WARN_BOOL_CONVERSION = YES;
				CLANG_WARN_COMMA = YES;
				CLANG_WARN_CONSTANT_CONVERSION = YES;
				CLANG_WARN_DEPRECATED_OBJC_IMPLEMENTATIONS = YES;
				CLANG_WARN_DIRECT_OBJC_ISA_USAGE = YES_ERROR;
				CLANG_WARN_DOCUMENTATION_COMMENTS = YES;
				CLANG_WARN_EMPTY_BODY = YES;
				CLANG_WARN_ENUM_CONVERSION = YES;
				CLANG_WARN_INFINITE_RECURSION = YES;
				CLANG_WARN_INT_CONVERSION = YES;
				CLANG_WARN_NON_LITERAL_NULL_CONVERSION = YES;
				CLANG_WARN_OBJC_IMPLICIT_RETAIN_SELF = YES;
				CLANG_WARN_OBJC_LITERAL_CONVERSION = YES;
				CLANG_WARN_OBJC_ROOT_CLASS = YES_ERROR;
				CLANG_WARN_RANGE_LOOP_ANALYSIS = YES;
				CLANG_WARN_STRICT_PROTOTYPES = YES;
				CLANG_WARN_SUSPICIOUS_MOVE = YES;
				CLANG_WARN_UNGUARDED_AVAILABILITY = YES_AGGRESSIVE;
				CLANG_WARN_UNREACHABLE_CODE = YES;
				CLANG_WARN__DUPLICATE_METHOD_MATCH = YES;
				CODE_SIGN_IDENTITY = "iPhone Developer";
				COPY_PHASE_STRIP = NO;
				DEBUG_INFORMATION_FORMAT = dwarf;
				ENABLE_STRICT_OBJC_MSGSEND = YES;
				ENABLE_TESTABILITY = YES;
				GCC_C_LANGUAGE_STANDARD = gnu11;
				GCC_DYNAMIC_NO_PIC = NO;
				GCC_NO_COMMON_BLOCKS = YES;
				GCC_OPTIMIZATION_LEVEL = 0;
				GCC_PREPROCESSOR_DEFINITIONS = (
					"DEBUG=1",
					"$(inherited)",
				);
				GCC_WARN_64_TO_32_BIT_CONVERSION = YES;
				GCC_WARN_ABOUT_RETURN_TYPE = YES_ERROR;
				GCC_WARN_UNDECLARED_SELECTOR = YES;
				GCC_WARN_UNINITIALIZED_AUTOS = YES_AGGRESSIVE;
				GCC_WARN_UNUSED_FUNCTION = YES;
				GCC_WARN_UNUSED_VARIABLE = YES;
				IPHONEOS_DEPLOYMENT_TARGET = 8.0;
				MTL_ENABLE_DEBUG_INFO = INCLUDE_SOURCE;
				MTL_FAST_MATH = YES;
				ONLY_ACTIVE_ARCH = YES;
				SDKROOT = iphoneos;
			};
			name = Debug;
		};
		92720474222FC71F00936EFD /* Release */ = {
			isa = XCBuildConfiguration;
			buildSettings = {
				ALWAYS_SEARCH_USER_PATHS = NO;
				CLANG_ANALYZER_NONNULL = YES;
				CLANG_ANALYZER_NUMBER_OBJECT_CONVERSION = YES_AGGRESSIVE;
				CLANG_CXX_LANGUAGE_STANDARD = "gnu++14";
				CLANG_CXX_LIBRARY = "libc++";
				CLANG_ENABLE_MODULES = YES;
				CLANG_ENABLE_OBJC_ARC = YES;
				CLANG_ENABLE_OBJC_WEAK = YES;
				CLANG_WARN_BLOCK_CAPTURE_AUTORELEASING = YES;
				CLANG_WARN_BOOL_CONVERSION = YES;
				CLANG_WARN_COMMA = YES;
				CLANG_WARN_CONSTANT_CONVERSION = YES;
				CLANG_WARN_DEPRECATED_OBJC_IMPLEMENTATIONS = YES;
				CLANG_WARN_DIRECT_OBJC_ISA_USAGE = YES_ERROR;
				CLANG_WARN_DOCUMENTATION_COMMENTS = YES;
				CLANG_WARN_EMPTY_BODY = YES;
				CLANG_WARN_ENUM_CONVERSION = YES;
				CLANG_WARN_INFINITE_RECURSION = YES;
				CLANG_WARN_INT_CONVERSION = YES;
				CLANG_WARN_NON_LITERAL_NULL_CONVERSION = YES;
				CLANG_WARN_OBJC_IMPLICIT_RETAIN_SELF = YES;
				CLANG_WARN_OBJC_LITERAL_CONVERSION = YES;
				CLANG_WARN_OBJC_ROOT_CLASS = YES_ERROR;
				CLANG_WARN_RANGE_LOOP_ANALYSIS = YES;
				CLANG_WARN_STRICT_PROTOTYPES = YES;
				CLANG_WARN_SUSPICIOUS_MOVE = YES;
				CLANG_WARN_UNGUARDED_AVAILABILITY = YES_AGGRESSIVE;
				CLANG_WARN_UNREACHABLE_CODE = YES;
				CLANG_WARN__DUPLICATE_METHOD_MATCH = YES;
				CODE_SIGN_IDENTITY = "iPhone Developer";
				COPY_PHASE_STRIP = NO;
				DEBUG_INFORMATION_FORMAT = "dwarf-with-dsym";
				ENABLE_NS_ASSERTIONS = NO;
				ENABLE_STRICT_OBJC_MSGSEND = YES;
				GCC_C_LANGUAGE_STANDARD = gnu11;
				GCC_NO_COMMON_BLOCKS = YES;
				GCC_WARN_64_TO_32_BIT_CONVERSION = YES;
				GCC_WARN_ABOUT_RETURN_TYPE = YES_ERROR;
				GCC_WARN_UNDECLARED_SELECTOR = YES;
				GCC_WARN_UNINITIALIZED_AUTOS = YES_AGGRESSIVE;
				GCC_WARN_UNUSED_FUNCTION = YES;
				GCC_WARN_UNUSED_VARIABLE = YES;
				IPHONEOS_DEPLOYMENT_TARGET = 8.0;
				MTL_ENABLE_DEBUG_INFO = NO;
				MTL_FAST_MATH = YES;
				SDKROOT = iphoneos;
				VALIDATE_PRODUCT = YES;
			};
			name = Release;
		};
		92720476222FC71F00936EFD /* Debug */ = {
			isa = XCBuildConfiguration;
			baseConfigurationReference = 6F4538A0B67DE7D2731337C8 /* Pods-SlimeDemo.debug.xcconfig */;
			buildSettings = {
				ASSETCATALOG_COMPILER_APPICON_NAME = AppIcon;
				CODE_SIGN_STYLE = Automatic;
				INFOPLIST_FILE = SlimeDemo/Info.plist;
				LD_RUNPATH_SEARCH_PATHS = (
					"$(inherited)",
					"@executable_path/Frameworks",
				);
				PRODUCT_BUNDLE_IDENTIFIER = com.harrisonxi.SlimeDemo;
				PRODUCT_NAME = "$(TARGET_NAME)";
				TARGETED_DEVICE_FAMILY = 1;
			};
			name = Debug;
		};
		92720477222FC71F00936EFD /* Release */ = {
			isa = XCBuildConfiguration;
			baseConfigurationReference = A4ECAFB9358F819C44006A94 /* Pods-SlimeDemo.release.xcconfig */;
			buildSettings = {
				ASSETCATALOG_COMPILER_APPICON_NAME = AppIcon;
				CODE_SIGN_STYLE = Automatic;
				INFOPLIST_FILE = SlimeDemo/Info.plist;
				LD_RUNPATH_SEARCH_PATHS = (
					"$(inherited)",
					"@executable_path/Frameworks",
				);
				PRODUCT_BUNDLE_IDENTIFIER = com.harrisonxi.SlimeDemo;
				PRODUCT_NAME = "$(TARGET_NAME)";
				TARGETED_DEVICE_FAMILY = 1;
			};
			name = Release;
		};
/* End XCBuildConfiguration section */

/* Begin XCConfigurationList section */
		9272045A222FC71E00936EFD /* Build configuration list for PBXProject "SlimeDemo" */ = {
			isa = XCConfigurationList;
			buildConfigurations = (
				92720473222FC71F00936EFD /* Debug */,
				92720474222FC71F00936EFD /* Release */,
			);
			defaultConfigurationIsVisible = 0;
			defaultConfigurationName = Release;
		};
		92720475222FC71F00936EFD /* Build configuration list for PBXNativeTarget "SlimeDemo" */ = {
			isa = XCConfigurationList;
			buildConfigurations = (
				92720476222FC71F00936EFD /* Debug */,
				92720477222FC71F00936EFD /* Release */,
			);
			defaultConfigurationIsVisible = 0;
			defaultConfigurationName = Release;
		};
/* End XCConfigurationList section */
	};
	rootObject = 92720457222FC71E00936EFD /* Project object */;
}
